
Microsoft Visual Studio Solution File, Format Version 12.00
# Visual Studio Version 17
VisualStudioVersion = 17.14.36310.24 d17.14
MinimumVisualStudioVersion = 10.0.40219.1
Project("{FAE04EC0-301F-11D3-BF4B-00C04F79EFBC}") = "Floatie", "Floatie.csproj", "{7593334F-2397-4EAA-B889-2FBB968CD5DE}"
EndProject
Global
	GlobalSection(SolutionConfigurationPlatforms) = preSolution
		Debug|Any CPU = Debug|Any CPU
		Release|Any CPU = Release|Any CPU
	EndGlobalSection
	GlobalSection(ProjectConfigurationPlatforms) = postSolution
		{7593334F-2397-4EAA-B889-2FBB968CD5DE}.Debug|Any CPU.ActiveCfg = Debug|Any CPU
		{7593334F-2397-4EAA-B889-2FBB968CD5DE}.Debug|Any CPU.Build.0 = Debug|Any CPU
		{7593334F-2397-4EAA-B889-2FBB968CD5DE}.Release|Any CPU.ActiveCfg = Release|Any CPU
		{7593334F-2397-4EAA-B889-2FBB968CD5DE}.Release|Any CPU.Build.0 = Release|Any CPU
	EndGlobalSection
	GlobalSection(SolutionProperties) = preSolution
		HideSolutionNode = FALSE
	EndGlobalSection
	GlobalSection(ExtensibilityGlobals) = postSolution
		SolutionGuid = {19521C57-27D1-4DAD-83AF-A6996A165C67}
	EndGlobalSection
EndGlobal
